// !$*UTF8*$!
{
	archiveVersion = 1;
	classes = {
	};
	objectVersion = 56;
	objects = {

/* Begin PBXBuildFile section */
		06B271252BC1820F005A6C6C /* QuestionsUtils.swift in Sources */ = {isa = PBXBuildFile; fileRef = 06B271242BC1820F005A6C6C /* QuestionsUtils.swift */; };
		06F812262BAEFFF600CA9CE3 /* AppDelegate.swift in Sources */ = {isa = PBXBuildFile; fileRef = 06F812252BAEFFF600CA9CE3 /* AppDelegate.swift */; };
		06F812282BAEFFF600CA9CE3 /* SceneDelegate.swift in Sources */ = {isa = PBXBuildFile; fileRef = 06F812272BAEFFF600CA9CE3 /* SceneDelegate.swift */; };
		06F8122A2BAEFFF600CA9CE3 /* ViewController.swift in Sources */ = {isa = PBXBuildFile; fileRef = 06F812292BAEFFF600CA9CE3 /* ViewController.swift */; };
		06F8122D2BAEFFF600CA9CE3 /* Base in Resources */ = {isa = PBXBuildFile; fileRef = 06F8122C2BAEFFF600CA9CE3 /* Base */; };
		06F8122F2BAEFFF700CA9CE3 /* Assets.xcassets in Resources */ = {isa = PBXBuildFile; fileRef = 06F8122E2BAEFFF700CA9CE3 /* Assets.xcassets */; };
		06F812322BAEFFF700CA9CE3 /* Base in Resources */ = {isa = PBXBuildFile; fileRef = 06F812312BAEFFF700CA9CE3 /* Base */; };
/* End PBXBuildFile section */

/* Begin PBXFileReference section */
		06B271242BC1820F005A6C6C /* QuestionsUtils.swift */ = {isa = PBXFileReference; lastKnownFileType = sourcecode.swift; path = QuestionsUtils.swift; sourceTree = "<group>"; };
		06F812222BAEFFF600CA9CE3 /* MyQuestionBot.app */ = {isa = PBXFileReference; explicitFileType = wrapper.application; includeInIndex = 0; path = MyQuestionBot.app; sourceTree = BUILT_PRODUCTS_DIR; };
		06F812252BAEFFF600CA9CE3 /* AppDelegate.swift */ = {isa = PBXFileReference; lastKnownFileType = sourcecode.swift; path = AppDelegate.swift; sourceTree = "<group>"; };
		06F812272BAEFFF600CA9CE3 /* SceneDelegate.swift */ = {isa = PBXFileReference; lastKnownFileType = sourcecode.swift; path = SceneDelegate.swift; sourceTree = "<group>"; };
		06F812292BAEFFF600CA9CE3 /* ViewController.swift */ = {isa = PBXFileReference; lastKnownFileType = sourcecode.swift; path = ViewController.swift; sourceTree = "<group>"; };
		06F8122C2BAEFFF600CA9CE3 /* Base */ = {isa = PBXFileReference; lastKnownFileType = file.storyboard; name = Base; path = Base.lproj/Main.storyboard; sourceTree = "<group>"; };
		06F8122E2BAEFFF700CA9CE3 /* Assets.xcassets */ = {isa = PBXFileReference; lastKnownFileType = folder.assetcatalog; path = Assets.xcassets; sourceTree = "<group>"; };
		06F812312BAEFFF700CA9CE3 /* Base */ = {isa = PBXFileReference; lastKnownFileType = file.storyboard; name = Base; path = Base.lproj/LaunchScreen.storyboard; sourceTree = "<group>"; };
		06F812332BAEFFF700CA9CE3 /* Info.plist */ = {isa = PBXFileReference; lastKnownFileType = text.plist.xml; path = Info.plist; sourceTree = "<group>"; };
/* End PBXFileReference section */

/* Begin PBXFrameworksBuildPhase section */
		06F8121F2BAEFFF600CA9CE3 /* Frameworks */ = {
			isa = PBXFrameworksBuildPhase;
			buildActionMask = 2147483647;
			files = (
			);
			runOnlyForDeploymentPostprocessing = 0;
		};
/* End PBXFrameworksBuildPhase section */

/* Begin PBXGroup section */
		06F812192BAEFFF600CA9CE3 = {
			isa = PBXGroup;
			children = (
				06F812242BAEFFF600CA9CE3 /* MyQuestionBot */,
				06F812232BAEFFF600CA9CE3 /* Products */,
			);
			sourceTree = "<group>";
		};
		06F812232BAEFFF600CA9CE3 /* Products */ = {
			isa = PBXGroup;
			children = (
				06F812222BAEFFF600CA9CE3 /* MyQuestionBot.app */,
			);
			name = Products;
			sourceTree = "<group>";
		};
		06F812242BAEFFF600CA9CE3 /* MyQuestionBot */ = {
			isa = PBXGroup;
			children = (
				06F812252BAEFFF600CA9CE3 /* AppDelegate.swift */,
				06F812272BAEFFF600CA9CE3 /* SceneDelegate.swift */,
				06F812292BAEFFF600CA9CE3 /* ViewController.swift */,
				06B271242BC1820F005A6C6C /* QuestionsUtils.swift */,
				06F8122B2BAEFFF600CA9CE3 /* Main.storyboard */,
				06F8122E2BAEFFF700CA9CE3 /* Assets.xcassets */,
				06F812302BAEFFF700CA9CE3 /* LaunchScreen.storyboard */,
				06F812332BAEFFF700CA9CE3 /* Info.plist */,
			);
			path = MyQuestionBot;
			sourceTree = "<group>";
		};
/* End PBXGroup section */

/* Begin PBXNativeTarget section */
		06F812212BAEFFF600CA9CE3 /* MyQuestionBot */ = {
			isa = PBXNativeTarget;
			buildConfigurationList = 06F812362BAEFFF700CA9CE3 /* Build configuration list for PBXNativeTarget "MyQuestionBot" */;
			buildPhases = (
				06F8121E2BAEFFF600CA9CE3 /* Sources */,
				06F8121F2BAEFFF600CA9CE3 /* Frameworks */,
				06F812202BAEFFF600CA9CE3 /* Resources */,
			);
			buildRules = (
			);
			dependencies = (
			);
			name = MyQuestionBot;
			productName = MyQuestionBot;
			productReference = 06F812222BAEFFF600CA9CE3 /* MyQuestionBot.app */;
			productType = "com.apple.product-type.application";
		};
/* End PBXNativeTarget section */

/* Begin PBXProject section */
		06F8121A2BAEFFF600CA9CE3 /* Project object */ = {
			isa = PBXProject;
			attributes = {
				BuildIndependentTargetsInParallel = 1;
				LastSwiftUpdateCheck = 1530;
				LastUpgradeCheck = 1530;
				TargetAttributes = {
					06F812212BAEFFF600CA9CE3 = {
						CreatedOnToolsVersion = 15.3;
					};
				};
			};
			buildConfigurationList = 06F8121D2BAEFFF600CA9CE3 /* Build configuration list for PBXProject "MyQuestionBot" */;
			compatibilityVersion = "Xcode 14.0";
			developmentRegion = en;
			hasScannedForEncodings = 0;
			knownRegions = (
				en,
				Base,
			);
			mainGroup = 06F812192BAEFFF600CA9CE3;
			productRefGroup = 06F812232BAEFFF600CA9CE3 /* Products */;
			projectDirPath = "";
			projectRoot = "";
			targets = (
				06F812212BAEFFF600CA9CE3 /* MyQuestionBot */,
			);
		};
/* End PBXProject section */

/* Begin PBXResourcesBuildPhase section */
		06F812202BAEFFF600CA9CE3 /* Resources */ = {
			isa = PBXResourcesBuildPhase;
			buildActionMask = 2147483647;
			files = (
				06F8122F2BAEFFF700CA9CE3 /* Assets.xcassets in Resources */,
				06F812322BAEFFF700CA9CE3 /* Base in Resources */,
				06F8122D2BAEFFF600CA9CE3 /* Base in Resources */,
			);
			runOnlyForDeploymentPostprocessing = 0;
		};
/* End PBXResourcesBuildPhase section */

/* Begin PBXSourcesBuildPhase section */
		06F8121E2BAEFFF600CA9CE3 /* Sources */ = {
			isa = PBXSourcesBuildPhase;
			buildActionMask = 2147483647;
			files = (
				06F8122A2BAEFFF600CA9CE3 /* ViewController.swift in Sources */,
				06F812262BAEFFF600CA9CE3 /* AppDelegate.swift in Sources */,
				06F812282BAEFFF600CA9CE3 /* SceneDelegate.swift in Sources */,
				06B271252BC1820F005A6C6C /* QuestionsUtils.swift in Sources */,
			);
			runOnlyForDeploymentPostprocessing = 0;
		};
/* End PBXSourcesBuildPhase section */

/* Begin PBXVariantGroup section */
		06F8122B2BAEFFF600CA9CE3 /* Main.storyboard */ = {
			isa = PBXVariantGroup;
			children = (
				06F8122C2BAEFFF600CA9CE3 /* Base */,
			);
			name = Main.storyboard;
			sourceTree = "<group>";
		};
		06F812302BAEFFF700CA9CE3 /* LaunchScreen.storyboard */ = {
			isa = PBXVariantGroup;
			children = (
				06F812312BAEFFF700CA9CE3 /* Base */,
			);
			name = LaunchScreen.storyboard;
			sourceTree = "<group>";
		};
/* End PBXVariantGroup section */

/* Begin XCBuildConfiguration section */
		06F812342BAEFFF700CA9CE3 /* Debug */ = {
			isa = XCBuildConfiguration;
			buildSettings = {
				ALWAYS_SEARCH_USER_PATHS = NO;
				ASSETCATALOG_COMPILER_GENERATE_SWIFT_ASSET_SYMBOL_EXTENSIONS = YES;
				CLANG_ANALYZER_NONNULL = YES;
				CLANG_ANALYZER_NUMBER_OBJECT_CONVERSION = YES_AGGRESSIVE;
				CLANG_CXX_LANGUAGE_STANDARD = "gnu++20";
				CLANG_ENABLE_MODULES = YES;
				CLANG_ENABLE_OBJC_ARC = YES;
				CLANG_ENABLE_OBJC_WEAK = YES;
				CLANG_WARN_BLOCK_CAPTURE_AUTORELEASING = YES;
				CLANG_WARN_BOOL_CONVERSION = YES;
				CLANG_WARN_COMMA = YES;
				CLANG_WARN_CONSTANT_CONVERSION = YES;
				CLANG_WARN_DEPRECATED_OBJC_IMPLEMENTATIONS = YES;
				CLANG_WARN_DIRECT_OBJC_ISA_USAGE = YES_ERROR;
				CLANG_WARN_DOCUMENTATION_COMMENTS = YES;
				CLANG_WARN_EMPTY_BODY = YES;
				CLANG_WARN_ENUM_CONVERSION = YES;
				CLANG_WARN_INFINITE_RECURSION = YES;
				CLANG_WARN_INT_CONVERSION = YES;
				CLANG_WARN_NON_LITERAL_NULL_CONVERSION = YES;
				CLANG_WARN_OBJC_IMPLICIT_RETAIN_SELF = YES;
				CLANG_WARN_OBJC_LITERAL_CONVERSION = YES;
				CLANG_WARN_OBJC_ROOT_CLASS = YES_ERROR;
				CLANG_WARN_QUOTED_INCLUDE_IN_FRAMEWORK_HEADER = YES;
				CLANG_WARN_RANGE_LOOP_ANALYSIS = YES;
				CLANG_WARN_STRICT_PROTOTYPES = YES;
				CLANG_WARN_SUSPICIOUS_MOVE = YES;
				CLANG_WARN_UNGUARDED_AVAILABILITY = YES_AGGRESSIVE;
				CLANG_WARN_UNREACHABLE_CODE = YES;
				CLANG_WARN__DUPLICATE_METHOD_MATCH = YES;
				COPY_PHASE_STRIP = NO;
				DEBUG_INFORMATION_FORMAT = dwarf;
				ENABLE_STRICT_OBJC_MSGSEND = YES;
				ENABLE_TESTABILITY = YES;
				ENABLE_USER_SCRIPT_SANDBOXING = YES;
				GCC_C_LANGUAGE_STANDARD = gnu17;
				GCC_DYNAMIC_NO_PIC = NO;
				GCC_NO_COMMON_BLOCKS = YES;
				GCC_OPTIMIZATION_LEVEL = 0;
				GCC_PREPROCESSOR_DEFINITIONS = (
					"DEBUG=1",
					"$(inherited)",
				);
				GCC_WARN_64_TO_32_BIT_CONVERSION = YES;
				GCC_WARN_ABOUT_RETURN_TYPE = YES_ERROR;
				GCC_WARN_UNDECLARED_SELECTOR = YES;
				GCC_WARN_UNINITIALIZED_AUTOS = YES_AGGRESSIVE;
				GCC_WARN_UNUSED_FUNCTION = YES;
				GCC_WARN_UNUSED_VARIABLE = YES;
				IPHONEOS_DEPLOYMENT_TARGET = 17.4;
				LOCALIZATION_PREFERS_STRING_CATALOGS = YES;
				MTL_ENABLE_DEBUG_INFO = INCLUDE_SOURCE;
				MTL_FAST_MATH = YES;
				ONLY_ACTIVE_ARCH = YES;
				SDKROOT = iphoneos;
				SWIFT_ACTIVE_COMPILATION_CONDITIONS = "DEBUG $(inherited)";
				SWIFT_OPTIMIZATION_LEVEL = "-Onone";
			};
			name = Debug;
		};
		06F812352BAEFFF700CA9CE3 /* Release */ = {
			isa = XCBuildConfiguration;
			buildSettings = {
				ALWAYS_SEARCH_USER_PATHS = NO;
				ASSETCATALOG_COMPILER_GENERATE_SWIFT_ASSET_SYMBOL_EXTENSIONS = YES;
				CLANG_ANALYZER_NONNULL = YES;
				CLANG_ANALYZER_NUMBER_OBJECT_CONVERSION = YES_AGGRESSIVE;
				CLANG_CXX_LANGUAGE_STANDARD = "gnu++20";
				CLANG_ENABLE_MODULES = YES;
				CLANG_ENABLE_OBJC_ARC = YES;
				CLANG_ENABLE_OBJC_WEAK = YES;
				CLANG_WARN_BLOCK_CAPTURE_AUTORELEASING = YES;
				CLANG_WARN_BOOL_CONVERSION = YES;
				CLANG_WARN_COMMA = YES;
				CLANG_WARN_CONSTANT_CONVERSION = YES;
				CLANG_WARN_DEPRECATED_OBJC_IMPLEMENTATIONS = YES;
				CLANG_WARN_DIRECT_OBJC_ISA_USAGE = YES_ERROR;
				CLANG_WARN_DOCUMENTATION_COMMENTS = YES;
				CLANG_WARN_EMPTY_BODY = YES;
				CLANG_WARN_ENUM_CONVERSION = YES;
				CLANG_WARN_INFINITE_RECURSION = YES;
				CLANG_WARN_INT_CONVERSION = YES;
				CLANG_WARN_NON_LITERAL_NULL_CONVERSION = YES;
				CLANG_WARN_OBJC_IMPLICIT_RETAIN_SELF = YES;
				CLANG_WARN_OBJC_LITERAL_CONVERSION = YES;
				CLANG_WARN_OBJC_ROOT_CLASS = YES_ERROR;
				CLANG_WARN_QUOTED_INCLUDE_IN_FRAMEWORK_HEADER = YES;
				CLANG_WARN_RANGE_LOOP_ANALYSIS = YES;
				CLANG_WARN_STRICT_PROTOTYPES = YES;
				CLANG_WARN_SUSPICIOUS_MOVE = YES;
				CLANG_WARN_UNGUARDED_AVAILABILITY = YES_AGGRESSIVE;
				CLANG_WARN_UNREACHABLE_CODE = YES;
				CLANG_WARN__DUPLICATE_METHOD_MATCH = YES;
				COPY_PHASE_STRIP = NO;
				DEBUG_INFORMATION_FORMAT = "dwarf-with-dsym";
				ENABLE_NS_ASSERTIONS = NO;
				ENABLE_STRICT_OBJC_MSGSEND = YES;
				ENABLE_USER_SCRIPT_SANDBOXING = YES;
				GCC_C_LANGUAGE_STANDARD = gnu17;
				GCC_NO_COMMON_BLOCKS = YES;
				GCC_WARN_64_TO_32_BIT_CONVERSION = YES;
				GCC_WARN_ABOUT_RETURN_TYPE = YES_ERROR;
				GCC_WARN_UNDECLARED_SELECTOR = YES;
				GCC_WARN_UNINITIALIZED_AUTOS = YES_AGGRESSIVE;
				GCC_WARN_UNUSED_FUNCTION = YES;
				GCC_WARN_UNUSED_VARIABLE = YES;
				IPHONEOS_DEPLOYMENT_TARGET = 17.4;
				LOCALIZATION_PREFERS_STRING_CATALOGS = YES;
				MTL_ENABLE_DEBUG_INFO = NO;
				MTL_FAST_MATH = YES;
				SDKROOT = iphoneos;
				SWIFT_COMPILATION_MODE = wholemodule;
				VALIDATE_PRODUCT = YES;
			};
			name = Release;
		};
		06F812372BAEFFF700CA9CE3 /* Debug */ = {
			isa = XCBuildConfiguration;
			buildSettings = {
				ASSETCATALOG_COMPILER_APPICON_NAME = AppIcon;
				ASSETCATALOG_COMPILER_GLOBAL_ACCENT_COLOR_NAME = AccentColor;
				CODE_SIGN_STYLE = Automatic;
				CURRENT_PROJECT_VERSION = 1;
				GENERATE_INFOPLIST_FILE = YES;
				INFOPLIST_FILE = MyQuestionBot/Info.plist;
				INFOPLIST_KEY_UIApplicationSupportsIndirectInputEvents = YES;
				INFOPLIST_KEY_UILaunchStoryboardName = LaunchScreen;
				INFOPLIST_KEY_UIMainStoryboardFile = Main;
				INFOPLIST_KEY_UISupportedInterfaceOrientations = UIInterfaceOrientationPortrait;
				LD_RUNPATH_SEARCH_PATHS = (
					"$(inherited)",
					"@executable_path/Frameworks",
				);
				MARKETING_VERSION = 1.0;
				PRODUCT_BUNDLE_IDENTIFIER = IOSLAB.MyQuestionBot;
				PRODUCT_NAME = "$(TARGET_NAME)";
				SWIFT_EMIT_LOC_STRINGS = YES;
				SWIFT_VERSION = 5.0;
				TARGETED_DEVICE_FAMILY = "1,2";
			};
			name = Debug;
		};
		06F812382BAEFFF700CA9CE3 /* Release */ = {
			isa = XCBuildConfiguration;
			buildSettings = {
				ASSETCATALOG_COMPILER_APPICON_NAME = AppIcon;
				ASSETCATALOG_COMPILER_GLOBAL_ACCENT_COLOR_NAME = AccentColor;
				CODE_SIGN_STYLE = Automatic;
				CURRENT_PROJECT_VERSION = 1;
				GENERATE_INFOPLIST_FILE = YES;
				INFOPLIST_FILE = MyQuestionBot/Info.plist;
				INFOPLIST_KEY_UIApplicationSupportsIndirectInputEvents = YES;
				INFOPLIST_KEY_UILaunchStoryboardName = LaunchScreen;
				INFOPLIST_KEY_UIMainStoryboardFile = Main;
				INFOPLIST_KEY_UISupportedInterfaceOrientations = UIInterfaceOrientationPortrait;
				LD_RUNPATH_SEARCH_PATHS = (
					"$(inherited)",
					"@executable_path/Frameworks",
				);
				MARKETING_VERSION = 1.0;
				PRODUCT_BUNDLE_IDENTIFIER = IOSLAB.MyQuestionBot;
				PRODUCT_NAME = "$(TARGET_NAME)";
				SWIFT_EMIT_LOC_STRINGS = YES;
				SWIFT_VERSION = 5.0;
				TARGETED_DEVICE_FAMILY = "1,2";
			};
			name = Release;
		};
/* End XCBuildConfiguration section */

/* Begin XCConfigurationList section */
		06F8121D2BAEFFF600CA9CE3 /* Build configuration list for PBXProject "MyQuestionBot" */ = {
			isa = XCConfigurationList;
			buildConfigurations = (
				06F812342BAEFFF700CA9CE3 /* Debug */,
				06F812352BAEFFF700CA9CE3 /* Release */,
			);
			defaultConfigurationIsVisible = 0;
			defaultConfigurationName = Release;
		};
		06F812362BAEFFF700CA9CE3 /* Build configuration list for PBXNativeTarget "MyQuestionBot" */ = {
			isa = XCConfigurationList;
			buildConfigurations = (
				06F812372BAEFFF700CA9CE3 /* Debug */,
				06F812382BAEFFF700CA9CE3 /* Release */,
			);
			defaultConfigurationIsVisible = 0;
			defaultConfigurationName = Release;
		};
/* End XCConfigurationList section */
	};
	rootObject = 06F8121A2BAEFFF600CA9CE3 /* Project object */;
}
